
Microsoft Visual Studio Solution File, Format Version 12.00
# Visual Studio 15
VisualStudioVersion = 15.0.27703.2047
MinimumVisualStudioVersion = 10.0.40219.1
Project("{FAE04EC0-301F-11D3-BF4B-00C04F79EFBC}") = "Sales.Android", "Sales\Sales.Android\Sales.Android.csproj", "{92D4B8C8-F9FD-44DD-9356-5C18F02FA2E1}"
EndProject
Project("{FAE04EC0-301F-11D3-BF4B-00C04F79EFBC}") = "Sales.iOS", "Sales\Sales.iOS\Sales.iOS.csproj", "{20000E64-DFFD-49E8-BE4E-1CAF952B727F}"
EndProject
Project("{FAE04EC0-301F-11D3-BF4B-00C04F79EFBC}") = "Sales", "Sales\Sales\Sales.csproj", "{7D4839DE-1574-4FD1-A63F-DD12A0286A47}"
EndProject
Project("{FAE04EC0-301F-11D3-BF4B-00C04F79EFBC}") = "Sales.Backend", "Sales.Backend\Sales.Backend.csproj", "{BC7CA43A-3CD9-432B-A08D-C614A2347CAA}"
EndProject
Project("{FAE04EC0-301F-11D3-BF4B-00C04F79EFBC}") = "Sales.API", "Sales.API\Sales.API.csproj", "{03A7A49F-87D6-4EC6-BDD4-D7DB08E60F76}"
EndProject
Project("{FAE04EC0-301F-11D3-BF4B-00C04F79EFBC}") = "Sales.Domain", "Sales.Domain\Sales.Domain.csproj", "{C3AB18BC-D076-49B7-95FC-0FA36CFED2CC}"
EndProject
Project("{FAE04EC0-301F-11D3-BF4B-00C04F79EFBC}") = "Sales.Common", "Sales.Common\Sales.Common.csproj", "{5A6A101B-93C8-4E79-B051-3DB2F561F169}"
EndProject
Global
	GlobalSection(SolutionConfigurationPlatforms) = preSolution
		Ad-Hoc|Any CPU = Ad-Hoc|Any CPU
		Ad-Hoc|iPhone = Ad-Hoc|iPhone
		Ad-Hoc|iPhoneSimulator = Ad-Hoc|iPhoneSimulator
		AppStore|Any CPU = AppStore|Any CPU
		AppStore|iPhone = AppStore|iPhone
		AppStore|iPhoneSimulator = AppStore|iPhoneSimulator
		Debug|Any CPU = Debug|Any CPU
		Debug|iPhone = Debug|iPhone
		Debug|iPhoneSimulator = Debug|iPhoneSimulator
		Release|Any CPU = Release|Any CPU
		Release|iPhone = Release|iPhone
		Release|iPhoneSimulator = Release|iPhoneSimulator
	EndGlobalSection
	GlobalSection(ProjectConfigurationPlatforms) = postSolution
		{92D4B8C8-F9FD-44DD-9356-5C18F02FA2E1}.Ad-Hoc|Any CPU.ActiveCfg = Release|Any CPU
		{92D4B8C8-F9FD-44DD-9356-5C18F02FA2E1}.Ad-Hoc|Any CPU.Build.0 = Release|Any CPU
		{92D4B8C8-F9FD-44DD-9356-5C18F02FA2E1}.Ad-Hoc|Any CPU.Deploy.0 = Release|Any CPU
		{92D4B8C8-F9FD-44DD-9356-5C18F02FA2E1}.Ad-Hoc|iPhone.ActiveCfg = Release|Any CPU
		{92D4B8C8-F9FD-44DD-9356-5C18F02FA2E1}.Ad-Hoc|iPhone.Build.0 = Release|Any CPU
		{92D4B8C8-F9FD-44DD-9356-5C18F02FA2E1}.Ad-Hoc|iPhone.Deploy.0 = Release|Any CPU
		{92D4B8C8-F9FD-44DD-9356-5C18F02FA2E1}.Ad-Hoc|iPhoneSimulator.ActiveCfg = Release|Any CPU
		{92D4B8C8-F9FD-44DD-9356-5C18F02FA2E1}.Ad-Hoc|iPhoneSimulator.Build.0 = Release|Any CPU
		{92D4B8C8-F9FD-44DD-9356-5C18F02FA2E1}.Ad-Hoc|iPhoneSimulator.Deploy.0 = Release|Any CPU
		{92D4B8C8-F9FD-44DD-9356-5C18F02FA2E1}.AppStore|Any CPU.ActiveCfg = Release|Any CPU
		{92D4B8C8-F9FD-44DD-9356-5C18F02FA2E1}.AppStore|Any CPU.Build.0 = Release|Any CPU
		{92D4B8C8-F9FD-44DD-9356-5C18F02FA2E1}.AppStore|Any CPU.Deploy.0 = Release|Any CPU
		{92D4B8C8-F9FD-44DD-9356-5C18F02FA2E1}.AppStore|iPhone.ActiveCfg = Release|Any CPU
		{92D4B8C8-F9FD-44DD-9356-5C18F02FA2E1}.AppStore|iPhone.Build.0 = Release|Any CPU
		{92D4B8C8-F9FD-44DD-9356-5C18F02FA2E1}.AppStore|iPhone.Deploy.0 = Release|Any CPU
		{92D4B8C8-F9FD-44DD-9356-5C18F02FA2E1}.AppStore|iPhoneSimulator.ActiveCfg = Release|Any CPU
		{92D4B8C8-F9FD-44DD-9356-5C18F02FA2E1}.AppStore|iPhoneSimulator.Build.0 = Release|Any CPU
		{92D4B8C8-F9FD-44DD-9356-5C18F02FA2E1}.AppStore|iPhoneSimulator.Deploy.0 = Release|Any CPU
		{92D4B8C8-F9FD-44DD-9356-5C18F02FA2E1}.Debug|Any CPU.ActiveCfg = Debug|Any CPU
		{92D4B8C8-F9FD-44DD-9356-5C18F02FA2E1}.Debug|Any CPU.Build.0 = Debug|Any CPU
		{92D4B8C8-F9FD-44DD-9356-5C18F02FA2E1}.Debug|Any CPU.Deploy.0 = Debug|Any CPU
		{92D4B8C8-F9FD-44DD-9356-5C18F02FA2E1}.Debug|iPhone.ActiveCfg = Debug|Any CPU
		{92D4B8C8-F9FD-44DD-9356-5C18F02FA2E1}.Debug|iPhone.Build.0 = Debug|Any CPU
		{92D4B8C8-F9FD-44DD-9356-5C18F02FA2E1}.Debug|iPhone.Deploy.0 = Debug|Any CPU
		{92D4B8C8-F9FD-44DD-9356-5C18F02FA2E1}.Debug|iPhoneSimulator.ActiveCfg = Debug|Any CPU
		{92D4B8C8-F9FD-44DD-9356-5C18F02FA2E1}.Debug|iPhoneSimulator.Build.0 = Debug|Any CPU
		{92D4B8C8-F9FD-44DD-9356-5C18F02FA2E1}.Debug|iPhoneSimulator.Deploy.0 = Debug|Any CPU
		{92D4B8C8-F9FD-44DD-9356-5C18F02FA2E1}.Release|Any CPU.ActiveCfg = Release|Any CPU
		{92D4B8C8-F9FD-44DD-9356-5C18F02FA2E1}.Release|Any CPU.Build.0 = Release|Any CPU
		{92D4B8C8-F9FD-44DD-9356-5C18F02FA2E1}.Release|Any CPU.Deploy.0 = Release|Any CPU
		{92D4B8C8-F9FD-44DD-9356-5C18F02FA2E1}.Release|iPhone.ActiveCfg = Release|Any CPU
		{92D4B8C8-F9FD-44DD-9356-5C18F02FA2E1}.Release|iPhone.Build.0 = Release|Any CPU
		{92D4B8C8-F9FD-44DD-9356-5C18F02FA2E1}.Release|iPhone.Deploy.0 = Release|Any CPU
		{92D4B8C8-F9FD-44DD-9356-5C18F02FA2E1}.Release|iPhoneSimulator.ActiveCfg = Release|Any CPU
		{92D4B8C8-F9FD-44DD-9356-5C18F02FA2E1}.Release|iPhoneSimulator.Build.0 = Release|Any CPU
		{92D4B8C8-F9FD-44DD-9356-5C18F02FA2E1}.Release|iPhoneSimulator.Deploy.0 = Release|Any CPU
		{20000E64-DFFD-49E8-BE4E-1CAF952B727F}.Ad-Hoc|Any CPU.ActiveCfg = Ad-Hoc|iPhone
		{20000E64-DFFD-49E8-BE4E-1CAF952B727F}.Ad-Hoc|Any CPU.Build.0 = Ad-Hoc|iPhone
		{20000E64-DFFD-49E8-BE4E-1CAF952B727F}.Ad-Hoc|Any CPU.Deploy.0 = Ad-Hoc|iPhone
		{20000E64-DFFD-49E8-BE4E-1CAF952B727F}.Ad-Hoc|iPhone.ActiveCfg = Ad-Hoc|iPhone
		{20000E64-DFFD-49E8-BE4E-1CAF952B727F}.Ad-Hoc|iPhone.Build.0 = Ad-Hoc|iPhone
		{20000E64-DFFD-49E8-BE4E-1CAF952B727F}.Ad-Hoc|iPhone.Deploy.0 = Ad-Hoc|iPhone
		{20000E64-DFFD-49E8-BE4E-1CAF952B727F}.Ad-Hoc|iPhoneSimulator.ActiveCfg = Ad-Hoc|iPhoneSimulator
		{20000E64-DFFD-49E8-BE4E-1CAF952B727F}.Ad-Hoc|iPhoneSimulator.Build.0 = Ad-Hoc|iPhoneSimulator
		{20000E64-DFFD-49E8-BE4E-1CAF952B727F}.Ad-Hoc|iPhoneSimulator.Deploy.0 = Ad-Hoc|iPhoneSimulator
		{20000E64-DFFD-49E8-BE4E-1CAF952B727F}.AppStore|Any CPU.ActiveCfg = AppStore|iPhone
		{20000E64-DFFD-49E8-BE4E-1CAF952B727F}.AppStore|Any CPU.Build.0 = AppStore|iPhone
		{20000E64-DFFD-49E8-BE4E-1CAF952B727F}.AppStore|Any CPU.Deploy.0 = AppStore|iPhone
		{20000E64-DFFD-49E8-BE4E-1CAF952B727F}.AppStore|iPhone.ActiveCfg = AppStore|iPhone
		{20000E64-DFFD-49E8-BE4E-1CAF952B727F}.AppStore|iPhone.Build.0 = AppStore|iPhone
		{20000E64-DFFD-49E8-BE4E-1CAF952B727F}.AppStore|iPhone.Deploy.0 = AppStore|iPhone
		{20000E64-DFFD-49E8-BE4E-1CAF952B727F}.AppStore|iPhoneSimulator.ActiveCfg = AppStore|iPhoneSimulator
		{20000E64-DFFD-49E8-BE4E-1CAF952B727F}.AppStore|iPhoneSimulator.Build.0 = AppStore|iPhoneSimulator
		{20000E64-DFFD-49E8-BE4E-1CAF952B727F}.AppStore|iPhoneSimulator.Deploy.0 = AppStore|iPhoneSimulator
		{20000E64-DFFD-49E8-BE4E-1CAF952B727F}.Debug|Any CPU.ActiveCfg = Debug|iPhoneSimulator
		{20000E64-DFFD-49E8-BE4E-1CAF952B727F}.Debug|Any CPU.Build.0 = Debug|iPhoneSimulator
		{20000E64-DFFD-49E8-BE4E-1CAF952B727F}.Debug|Any CPU.Deploy.0 = Debug|iPhoneSimulator
		{20000E64-DFFD-49E8-BE4E-1CAF952B727F}.Debug|iPhone.ActiveCfg = Debug|iPhone
		{20000E64-DFFD-49E8-BE4E-1CAF952B727F}.Debug|iPhone.Build.0 = Debug|iPhone
		{20000E64-DFFD-49E8-BE4E-1CAF952B727F}.Debug|iPhone.Deploy.0 = Debug|iPhone
		{20000E64-DFFD-49E8-BE4E-1CAF952B727F}.Debug|iPhoneSimulator.ActiveCfg = Debug|iPhoneSimulator
		{20000E64-DFFD-49E8-BE4E-1CAF952B727F}.Debug|iPhoneSimulator.Build.0 = Debug|iPhoneSimulator
		{20000E64-DFFD-49E8-BE4E-1CAF952B727F}.Debug|iPhoneSimulator.Deploy.0 = Debug|iPhoneSimulator
		{20000E64-DFFD-49E8-BE4E-1CAF952B727F}.Release|Any CPU.ActiveCfg = Release|iPhone
		{20000E64-DFFD-49E8-BE4E-1CAF952B727F}.Release|Any CPU.Build.0 = Release|iPhone
		{20000E64-DFFD-49E8-BE4E-1CAF952B727F}.Release|Any CPU.Deploy.0 = Release|iPhone
		{20000E64-DFFD-49E8-BE4E-1CAF952B727F}.Release|iPhone.ActiveCfg = Release|iPhone
		{20000E64-DFFD-49E8-BE4E-1CAF952B727F}.Release|iPhone.Build.0 = Release|iPhone
		{20000E64-DFFD-49E8-BE4E-1CAF952B727F}.Release|iPhone.Deploy.0 = Release|iPhone
		{20000E64-DFFD-49E8-BE4E-1CAF952B727F}.Release|iPhoneSimulator.ActiveCfg = Release|iPhoneSimulator
		{20000E64-DFFD-49E8-BE4E-1CAF952B727F}.Release|iPhoneSimulator.Build.0 = Release|iPhoneSimulator
		{20000E64-DFFD-49E8-BE4E-1CAF952B727F}.Release|iPhoneSimulator.Deploy.0 = Release|iPhoneSimulator
		{7D4839DE-1574-4FD1-A63F-DD12A0286A47}.Ad-Hoc|Any CPU.ActiveCfg = Debug|Any CPU
		{7D4839DE-1574-4FD1-A63F-DD12A0286A47}.Ad-Hoc|Any CPU.Build.0 = Debug|Any CPU
		{7D4839DE-1574-4FD1-A63F-DD12A0286A47}.Ad-Hoc|Any CPU.Deploy.0 = Debug|Any CPU
		{7D4839DE-1574-4FD1-A63F-DD12A0286A47}.Ad-Hoc|iPhone.ActiveCfg = Debug|Any CPU
		{7D4839DE-1574-4FD1-A63F-DD12A0286A47}.Ad-Hoc|iPhone.Build.0 = Debug|Any CPU
		{7D4839DE-1574-4FD1-A63F-DD12A0286A47}.Ad-Hoc|iPhone.Deploy.0 = Debug|Any CPU
		{7D4839DE-1574-4FD1-A63F-DD12A0286A47}.Ad-Hoc|iPhoneSimulator.ActiveCfg = Debug|Any CPU
		{7D4839DE-1574-4FD1-A63F-DD12A0286A47}.Ad-Hoc|iPhoneSimulator.Build.0 = Debug|Any CPU
		{7D4839DE-1574-4FD1-A63F-DD12A0286A47}.Ad-Hoc|iPhoneSimulator.Deploy.0 = Debug|Any CPU
		{7D4839DE-1574-4FD1-A63F-DD12A0286A47}.AppStore|Any CPU.ActiveCfg = Debug|Any CPU
		{7D4839DE-1574-4FD1-A63F-DD12A0286A47}.AppStore|Any CPU.Build.0 = Debug|Any CPU
		{7D4839DE-1574-4FD1-A63F-DD12A0286A47}.AppStore|Any CPU.Deploy.0 = Debug|Any CPU
		{7D4839DE-1574-4FD1-A63F-DD12A0286A47}.AppStore|iPhone.ActiveCfg = Debug|Any CPU
		{7D4839DE-1574-4FD1-A63F-DD12A0286A47}.AppStore|iPhone.Build.0 = Debug|Any CPU
		{7D4839DE-1574-4FD1-A63F-DD12A0286A47}.AppStore|iPhone.Deploy.0 = Debug|Any CPU
		{7D4839DE-1574-4FD1-A63F-DD12A0286A47}.AppStore|iPhoneSimulator.ActiveCfg = Debug|Any CPU
		{7D4839DE-1574-4FD1-A63F-DD12A0286A47}.AppStore|iPhoneSimulator.Build.0 = Debug|Any CPU
		{7D4839DE-1574-4FD1-A63F-DD12A0286A47}.AppStore|iPhoneSimulator.Deploy.0 = Debug|Any CPU
		{7D4839DE-1574-4FD1-A63F-DD12A0286A47}.Debug|Any CPU.ActiveCfg = Debug|Any CPU
		{7D4839DE-1574-4FD1-A63F-DD12A0286A47}.Debug|Any CPU.Build.0 = Debug|Any CPU
		{7D4839DE-1574-4FD1-A63F-DD12A0286A47}.Debug|Any CPU.Deploy.0 = Debug|Any CPU
		{7D4839DE-1574-4FD1-A63F-DD12A0286A47}.Debug|iPhone.ActiveCfg = Debug|Any CPU
		{7D4839DE-1574-4FD1-A63F-DD12A0286A47}.Debug|iPhone.Build.0 = Debug|Any CPU
		{7D4839DE-1574-4FD1-A63F-DD12A0286A47}.Debug|iPhone.Deploy.0 = Debug|Any CPU
		{7D4839DE-1574-4FD1-A63F-DD12A0286A47}.Debug|iPhoneSimulator.ActiveCfg = Debug|Any CPU
		{7D4839DE-1574-4FD1-A63F-DD12A0286A47}.Debug|iPhoneSimulator.Build.0 = Debug|Any CPU
		{7D4839DE-1574-4FD1-A63F-DD12A0286A47}.Debug|iPhoneSimulator.Deploy.0 = Debug|Any CPU
		{7D4839DE-1574-4FD1-A63F-DD12A0286A47}.Release|Any CPU.ActiveCfg = Release|Any CPU
		{7D4839DE-1574-4FD1-A63F-DD12A0286A47}.Release|Any CPU.Build.0 = Release|Any CPU
		{7D4839DE-1574-4FD1-A63F-DD12A0286A47}.Release|Any CPU.Deploy.0 = Release|Any CPU
		{7D4839DE-1574-4FD1-A63F-DD12A0286A47}.Release|iPhone.ActiveCfg = Release|Any CPU
		{7D4839DE-1574-4FD1-A63F-DD12A0286A47}.Release|iPhone.Build.0 = Release|Any CPU
		{7D4839DE-1574-4FD1-A63F-DD12A0286A47}.Release|iPhone.Deploy.0 = Release|Any CPU
		{7D4839DE-1574-4FD1-A63F-DD12A0286A47}.Release|iPhoneSimulator.ActiveCfg = Release|Any CPU
		{7D4839DE-1574-4FD1-A63F-DD12A0286A47}.Release|iPhoneSimulator.Build.0 = Release|Any CPU
		{7D4839DE-1574-4FD1-A63F-DD12A0286A47}.Release|iPhoneSimulator.Deploy.0 = Release|Any CPU
		{BC7CA43A-3CD9-432B-A08D-C614A2347CAA}.Ad-Hoc|Any CPU.ActiveCfg = Release|Any CPU
		{BC7CA43A-3CD9-432B-A08D-C614A2347CAA}.Ad-Hoc|Any CPU.Build.0 = Release|Any CPU
		{BC7CA43A-3CD9-432B-A08D-C614A2347CAA}.Ad-Hoc|iPhone.ActiveCfg = Release|Any CPU
		{BC7CA43A-3CD9-432B-A08D-C614A2347CAA}.Ad-Hoc|iPhone.Build.0 = Release|Any CPU
		{BC7CA43A-3CD9-432B-A08D-C614A2347CAA}.Ad-Hoc|iPhoneSimulator.ActiveCfg = Release|Any CPU
		{BC7CA43A-3CD9-432B-A08D-C614A2347CAA}.Ad-Hoc|iPhoneSimulator.Build.0 = Release|Any CPU
		{BC7CA43A-3CD9-432B-A08D-C614A2347CAA}.AppStore|Any CPU.ActiveCfg = Release|Any CPU
		{BC7CA43A-3CD9-432B-A08D-C614A2347CAA}.AppStore|Any CPU.Build.0 = Release|Any CPU
		{BC7CA43A-3CD9-432B-A08D-C614A2347CAA}.AppStore|iPhone.ActiveCfg = Release|Any CPU
		{BC7CA43A-3CD9-432B-A08D-C614A2347CAA}.AppStore|iPhone.Build.0 = Release|Any CPU
		{BC7CA43A-3CD9-432B-A08D-C614A2347CAA}.AppStore|iPhoneSimulator.ActiveCfg = Release|Any CPU
		{BC7CA43A-3CD9-432B-A08D-C614A2347CAA}.AppStore|iPhoneSimulator.Build.0 = Release|Any CPU
		{BC7CA43A-3CD9-432B-A08D-C614A2347CAA}.Debug|Any CPU.ActiveCfg = Debug|Any CPU
		{BC7CA43A-3CD9-432B-A08D-C614A2347CAA}.Debug|Any CPU.Build.0 = Debug|Any CPU
		{BC7CA43A-3CD9-432B-A08D-C614A2347CAA}.Debug|iPhone.ActiveCfg = Debug|Any CPU
		{BC7CA43A-3CD9-432B-A08D-C614A2347CAA}.Debug|iPhone.Build.0 = Debug|Any CPU
		{BC7CA43A-3CD9-432B-A08D-C614A2347CAA}.Debug|iPhoneSimulator.ActiveCfg = Debug|Any CPU
		{BC7CA43A-3CD9-432B-A08D-C614A2347CAA}.Debug|iPhoneSimulator.Build.0 = Debug|Any CPU
		{BC7CA43A-3CD9-432B-A08D-C614A2347CAA}.Release|Any CPU.ActiveCfg = Release|Any CPU
		{BC7CA43A-3CD9-432B-A08D-C614A2347CAA}.Release|Any CPU.Build.0 = Release|Any CPU
		{BC7CA43A-3CD9-432B-A08D-C614A2347CAA}.Release|iPhone.ActiveCfg = Release|Any CPU
		{BC7CA43A-3CD9-432B-A08D-C614A2347CAA}.Release|iPhone.Build.0 = Release|Any CPU
		{BC7CA43A-3CD9-432B-A08D-C614A2347CAA}.Release|iPhoneSimulator.ActiveCfg = Release|Any CPU
		{BC7CA43A-3CD9-432B-A08D-C614A2347CAA}.Release|iPhoneSimulator.Build.0 = Release|Any CPU
		{03A7A49F-87D6-4EC6-BDD4-D7DB08E60F76}.Ad-Hoc|Any CPU.ActiveCfg = Release|Any CPU
		{03A7A49F-87D6-4EC6-BDD4-D7DB08E60F76}.Ad-Hoc|Any CPU.Build.0 = Release|Any CPU
		{03A7A49F-87D6-4EC6-BDD4-D7DB08E60F76}.Ad-Hoc|iPhone.ActiveCfg = Release|Any CPU
		{03A7A49F-87D6-4EC6-BDD4-D7DB08E60F76}.Ad-Hoc|iPhone.Build.0 = Release|Any CPU
		{03A7A49F-87D6-4EC6-BDD4-D7DB08E60F76}.Ad-Hoc|iPhoneSimulator.ActiveCfg = Release|Any CPU
		{03A7A49F-87D6-4EC6-BDD4-D7DB08E60F76}.Ad-Hoc|iPhoneSimulator.Build.0 = Release|Any CPU
		{03A7A49F-87D6-4EC6-BDD4-D7DB08E60F76}.AppStore|Any CPU.ActiveCfg = Release|Any CPU
		{03A7A49F-87D6-4EC6-BDD4-D7DB08E60F76}.AppStore|Any CPU.Build.0 = Release|Any CPU
		{03A7A49F-87D6-4EC6-BDD4-D7DB08E60F76}.AppStore|iPhone.ActiveCfg = Release|Any CPU
		{03A7A49F-87D6-4EC6-BDD4-D7DB08E60F76}.AppStore|iPhone.Build.0 = Release|Any CPU
		{03A7A49F-87D6-4EC6-BDD4-D7DB08E60F76}.AppStore|iPhoneSimulator.ActiveCfg = Release|Any CPU
		{03A7A49F-87D6-4EC6-BDD4-D7DB08E60F76}.AppStore|iPhoneSimulator.Build.0 = Release|Any CPU
		{03A7A49F-87D6-4EC6-BDD4-D7DB08E60F76}.Debug|Any CPU.ActiveCfg = Debug|Any CPU
		{03A7A49F-87D6-4EC6-BDD4-D7DB08E60F76}.Debug|Any CPU.Build.0 = Debug|Any CPU
		{03A7A49F-87D6-4EC6-BDD4-D7DB08E60F76}.Debug|iPhone.ActiveCfg = Debug|Any CPU
		{03A7A49F-87D6-4EC6-BDD4-D7DB08E60F76}.Debug|iPhone.Build.0 = Debug|Any CPU
		{03A7A49F-87D6-4EC6-BDD4-D7DB08E60F76}.Debug|iPhoneSimulator.ActiveCfg = Debug|Any CPU
		{03A7A49F-87D6-4EC6-BDD4-D7DB08E60F76}.Debug|iPhoneSimulator.Build.0 = Debug|Any CPU
		{03A7A49F-87D6-4EC6-BDD4-D7DB08E60F76}.Release|Any CPU.ActiveCfg = Release|Any CPU
		{03A7A49F-87D6-4EC6-BDD4-D7DB08E60F76}.Release|Any CPU.Build.0 = Release|Any CPU
		{03A7A49F-87D6-4EC6-BDD4-D7DB08E60F76}.Release|iPhone.ActiveCfg = Release|Any CPU
		{03A7A49F-87D6-4EC6-BDD4-D7DB08E60F76}.Release|iPhone.Build.0 = Release|Any CPU
		{03A7A49F-87D6-4EC6-BDD4-D7DB08E60F76}.Release|iPhoneSimulator.ActiveCfg = Release|Any CPU
		{03A7A49F-87D6-4EC6-BDD4-D7DB08E60F76}.Release|iPhoneSimulator.Build.0 = Release|Any CPU
		{C3AB18BC-D076-49B7-95FC-0FA36CFED2CC}.Ad-Hoc|Any CPU.ActiveCfg = Release|Any CPU
		{C3AB18BC-D076-49B7-95FC-0FA36CFED2CC}.Ad-Hoc|Any CPU.Build.0 = Release|Any CPU
		{C3AB18BC-D076-49B7-95FC-0FA36CFED2CC}.Ad-Hoc|iPhone.ActiveCfg = Release|Any CPU
		{C3AB18BC-D076-49B7-95FC-0FA36CFED2CC}.Ad-Hoc|iPhone.Build.0 = Release|Any CPU
		{C3AB18BC-D076-49B7-95FC-0FA36CFED2CC}.Ad-Hoc|iPhoneSimulator.ActiveCfg = Release|Any CPU
		{C3AB18BC-D076-49B7-95FC-0FA36CFED2CC}.Ad-Hoc|iPhoneSimulator.Build.0 = Release|Any CPU
		{C3AB18BC-D076-49B7-95FC-0FA36CFED2CC}.AppStore|Any CPU.ActiveCfg = Release|Any CPU
		{C3AB18BC-D076-49B7-95FC-0FA36CFED2CC}.AppStore|Any CPU.Build.0 = Release|Any CPU
		{C3AB18BC-D076-49B7-95FC-0FA36CFED2CC}.AppStore|iPhone.ActiveCfg = Release|Any CPU
		{C3AB18BC-D076-49B7-95FC-0FA36CFED2CC}.AppStore|iPhone.Build.0 = Release|Any CPU
		{C3AB18BC-D076-49B7-95FC-0FA36CFED2CC}.AppStore|iPhoneSimulator.ActiveCfg = Release|Any CPU
		{C3AB18BC-D076-49B7-95FC-0FA36CFED2CC}.AppStore|iPhoneSimulator.Build.0 = Release|Any CPU
		{C3AB18BC-D076-49B7-95FC-0FA36CFED2CC}.Debug|Any CPU.ActiveCfg = Debug|Any CPU
		{C3AB18BC-D076-49B7-95FC-0FA36CFED2CC}.Debug|Any CPU.Build.0 = Debug|Any CPU
		{C3AB18BC-D076-49B7-95FC-0FA36CFED2CC}.Debug|iPhone.ActiveCfg = Debug|Any CPU
		{C3AB18BC-D076-49B7-95FC-0FA36CFED2CC}.Debug|iPhone.Build.0 = Debug|Any CPU
		{C3AB18BC-D076-49B7-95FC-0FA36CFED2CC}.Debug|iPhoneSimulator.ActiveCfg = Debug|Any CPU
		{C3AB18BC-D076-49B7-95FC-0FA36CFED2CC}.Debug|iPhoneSimulator.Build.0 = Debug|Any CPU
		{C3AB18BC-D076-49B7-95FC-0FA36CFED2CC}.Release|Any CPU.ActiveCfg = Release|Any CPU
		{C3AB18BC-D076-49B7-95FC-0FA36CFED2CC}.Release|Any CPU.Build.0 = Release|Any CPU
		{C3AB18BC-D076-49B7-95FC-0FA36CFED2CC}.Release|iPhone.ActiveCfg = Release|Any CPU
		{C3AB18BC-D076-49B7-95FC-0FA36CFED2CC}.Release|iPhone.Build.0 = Release|Any CPU
		{C3AB18BC-D076-49B7-95FC-0FA36CFED2CC}.Release|iPhoneSimulator.ActiveCfg = Release|Any CPU
		{C3AB18BC-D076-49B7-95FC-0FA36CFED2CC}.Release|iPhoneSimulator.Build.0 = Release|Any CPU
		{5A6A101B-93C8-4E79-B051-3DB2F561F169}.Ad-Hoc|Any CPU.ActiveCfg = Release|Any CPU
		{5A6A101B-93C8-4E79-B051-3DB2F561F169}.Ad-Hoc|Any CPU.Build.0 = Release|Any CPU
		{5A6A101B-93C8-4E79-B051-3DB2F561F169}.Ad-Hoc|iPhone.ActiveCfg = Release|Any CPU
		{5A6A101B-93C8-4E79-B051-3DB2F561F169}.Ad-Hoc|iPhone.Build.0 = Release|Any CPU
		{5A6A101B-93C8-4E79-B051-3DB2F561F169}.Ad-Hoc|iPhoneSimulator.ActiveCfg = Release|Any CPU
		{5A6A101B-93C8-4E79-B051-3DB2F561F169}.Ad-Hoc|iPhoneSimulator.Build.0 = Release|Any CPU
		{5A6A101B-93C8-4E79-B051-3DB2F561F169}.AppStore|Any CPU.ActiveCfg = Release|Any CPU
		{5A6A101B-93C8-4E79-B051-3DB2F561F169}.AppStore|Any CPU.Build.0 = Release|Any CPU
		{5A6A101B-93C8-4E79-B051-3DB2F561F169}.AppStore|iPhone.ActiveCfg = Release|Any CPU
		{5A6A101B-93C8-4E79-B051-3DB2F561F169}.AppStore|iPhone.Build.0 = Release|Any CPU
		{5A6A101B-93C8-4E79-B051-3DB2F561F169}.AppStore|iPhoneSimulator.ActiveCfg = Release|Any CPU
		{5A6A101B-93C8-4E79-B051-3DB2F561F169}.AppStore|iPhoneSimulator.Build.0 = Release|Any CPU
		{5A6A101B-93C8-4E79-B051-3DB2F561F169}.Debug|Any CPU.ActiveCfg = Debug|Any CPU
		{5A6A101B-93C8-4E79-B051-3DB2F561F169}.Debug|Any CPU.Build.0 = Debug|Any CPU
		{5A6A101B-93C8-4E79-B051-3DB2F561F169}.Debug|iPhone.ActiveCfg = Debug|Any CPU
		{5A6A101B-93C8-4E79-B051-3DB2F561F169}.Debug|iPhone.Build.0 = Debug|Any CPU
		{5A6A101B-93C8-4E79-B051-3DB2F561F169}.Debug|iPhoneSimulator.ActiveCfg = Debug|Any CPU
		{5A6A101B-93C8-4E79-B051-3DB2F561F169}.Debug|iPhoneSimulator.Build.0 = Debug|Any CPU
		{5A6A101B-93C8-4E79-B051-3DB2F561F169}.Release|Any CPU.ActiveCfg = Release|Any CPU
		{5A6A101B-93C8-4E79-B051-3DB2F561F169}.Release|Any CPU.Build.0 = Release|Any CPU
		{5A6A101B-93C8-4E79-B051-3DB2F561F169}.Release|iPhone.ActiveCfg = Release|Any CPU
		{5A6A101B-93C8-4E79-B051-3DB2F561F169}.Release|iPhone.Build.0 = Release|Any CPU
		{5A6A101B-93C8-4E79-B051-3DB2F561F169}.Release|iPhoneSimulator.ActiveCfg = Release|Any CPU
		{5A6A101B-93C8-4E79-B051-3DB2F561F169}.Release|iPhoneSimulator.Build.0 = Release|Any CPU
	EndGlobalSection
	GlobalSection(SolutionProperties) = preSolution
		HideSolutionNode = FALSE
	EndGlobalSection
	GlobalSection(ExtensibilityGlobals) = postSolution
		SolutionGuid = {794766BF-C7EE-4F7B-B0FC-46FADDBA755C}
	EndGlobalSection
EndGlobal
